{
    "_readme": [
        "This file locks the dependencies of your project to a known state",
        "Read more about it at https://getcomposer.org/doc/01-basic-usage.md#installing-dependencies",
        "This file is @generated automatically"
    ],
    "content-hash": "34ff54ab5019e0c1b48311d733e4c96b",
    "packages": [
        {
            "name": "fmihel/console-log",
            "version": "v1.4.1",
            "source": {
                "type": "git",
                "url": "https://github.com/fmihel/console-log.git",
                "reference": "a1fa354c8a44618f3d7dde5e54097fd69b0c1470"
            },
            "dist": {
                "type": "zip",
                "url": "https://api.github.com/repos/fmihel/console-log/zipball/a1fa354c8a44618f3d7dde5e54097fd69b0c1470",
                "reference": "a1fa354c8a44618f3d7dde5e54097fd69b0c1470",
                "shasum": ""
            },
            "require-dev": {
                "phpunit/phpunit": "^8.5"
            },
            "type": "library",
            "autoload": {
                "psr-4": {
                    "fmihel\\": "source"
                }
            },
            "notification-url": "https://packagist.org/downloads/",
            "license": [
                "MIT"
            ],
            "authors": [
                {
                    "name": "fmihel",
                    "email": "fmihel76@gmail.com"
                }
            ],
            "description": "error,log,console,php,javascript,js,error_log,console.log,console.info",
            "support": {
                "issues": "https://github.com/fmihel/console-log/issues",
                "source": "https://github.com/fmihel/console-log/tree/v1.4.1"
            },
            "time": "2022-04-01T11:18:00+00:00"
        },
        {
            "name": "liborm85/composer-vendor-cleaner",
            "version": "1.7.0",
            "source": {
                "type": "git",
                "url": "https://github.com/liborm85/composer-vendor-cleaner.git",
                "reference": "e4ebaf2a65ac74fd4cc6dcf2b92e2f68cc4bb23c"
            },
            "dist": {
                "type": "zip",
                "url": "https://api.github.com/repos/liborm85/composer-vendor-cleaner/zipball/e4ebaf2a65ac74fd4cc6dcf2b92e2f68cc4bb23c",
                "reference": "e4ebaf2a65ac74fd4cc6dcf2b92e2f68cc4bb23c",
                "shasum": ""
            },
            "require": {
                "composer-plugin-api": "^1.1 || ^2.0",
                "ext-json": "*",
                "php": ">=5.6.0"
            },
            "require-dev": {
                "composer/composer": "^1.10.23 || ^2.1.9",
                "phpunit/phpunit": "^5.7 || ^6.5 || ^7.5 || ^8.4 || ^9.1"
            },
            "type": "composer-plugin",
            "extra": {
                "class": "Liborm85\\ComposerVendorCleaner\\Plugin"
            },
            "autoload": {
                "psr-4": {
                    "Liborm85\\ComposerVendorCleaner\\": "src/"
                }
            },
            "notification-url": "https://packagist.org/downloads/",
            "license": [
                "MIT"
            ],
            "authors": [
                {
                    "name": "Libor M.",
                    "email": "liborm85@gmail.com"
                }
            ],
            "description": "Composer Vendor Cleaner removes unnecessary development files and directories from vendor directory.",
            "keywords": [
                ".gitattributes",
                "cleaner",
                "cleanup",
                "composer",
                "composer-plugin",
                "delete",
                "ignore",
                "php",
                "remove"
            ],
            "support": {
                "issues": "https://github.com/liborm85/composer-vendor-cleaner/issues",
                "source": "https://github.com/liborm85/composer-vendor-cleaner"
            },
            "time": "2022-07-29T12:33:34+00:00"
        }
    ],
    "packages-dev": [],
    "aliases": [],
    "minimum-stability": "stable",
    "stability-flags": [],
    "prefer-stable": false,
    "prefer-lowest": false,
    "platform": {
        "composer-plugin-api": "^2.2"
    },
    "platform-dev": [],
    "plugin-api-version": "2.2.0"
}
